
Microsoft Visual Studio Solution File, Format Version 12.00
# Visual Studio Version 16
VisualStudioVersion = 16.0.30907.101
MinimumVisualStudioVersion = 10.0.40219.1
Project("{FAE04EC0-301F-11D3-BF4B-00C04F79EFBC}") = "Forum", "Forum.csproj", "{4D32D757-A338-4F29-8A80-42785D733D0E}"
EndProject
Global
	GlobalSection(SolutionConfigurationPlatforms) = preSolution
		Debug|Any CPU = Debug|Any CPU
		Release|Any CPU = Release|Any CPU
	EndGlobalSection
	GlobalSection(ProjectConfigurationPlatforms) = postSolution
		{4D32D757-A338-4F29-8A80-42785D733D0E}.Debug|Any CPU.ActiveCfg = Debug|Any CPU
		{4D32D757-A338-4F29-8A80-42785D733D0E}.Debug|Any CPU.Build.0 = Debug|Any CPU
		{4D32D757-A338-4F29-8A80-42785D733D0E}.Release|Any CPU.ActiveCfg = Release|Any CPU
		{4D32D757-A338-4F29-8A80-42785D733D0E}.Release|Any CPU.Build.0 = Release|Any CPU
	EndGlobalSection
	GlobalSection(SolutionProperties) = preSolution
		HideSolutionNode = FALSE
	EndGlobalSection
	GlobalSection(ExtensibilityGlobals) = postSolution
		SolutionGuid = {52B5DEBB-0599-4E06-BA4C-7038CFFFE129}
	EndGlobalSection
EndGlobal
